
Microsoft Visual Studio Solution File, Format Version 12.00
# Visual Studio Version 17
VisualStudioVersion = 17.13.35825.156 d17.13
MinimumVisualStudioVersion = 10.0.40219.1
Project("{FAE04EC0-301F-11D3-BF4B-00C04F79EFBC}") = "SimpleFormsAppWithListBox", "SimpleFormsAppWithListBox\SimpleFormsAppWithListBox.csproj", "{7B214CDF-58F5-4484-85EC-D6F22EF22B20}"
EndProject
Global
	GlobalSection(SolutionConfigurationPlatforms) = preSolution
		Debug|Any CPU = Debug|Any CPU
		Release|Any CPU = Release|Any CPU
	EndGlobalSection
	GlobalSection(ProjectConfigurationPlatforms) = postSolution
		{7B214CDF-58F5-4484-85EC-D6F22EF22B20}.Debug|Any CPU.ActiveCfg = Debug|Any CPU
		{7B214CDF-58F5-4484-85EC-D6F22EF22B20}.Debug|Any CPU.Build.0 = Debug|Any CPU
		{7B214CDF-58F5-4484-85EC-D6F22EF22B20}.Release|Any CPU.ActiveCfg = Release|Any CPU
		{7B214CDF-58F5-4484-85EC-D6F22EF22B20}.Release|Any CPU.Build.0 = Release|Any CPU
	EndGlobalSection
	GlobalSection(SolutionProperties) = preSolution
		HideSolutionNode = FALSE
	EndGlobalSection
	GlobalSection(ExtensibilityGlobals) = postSolution
		SolutionGuid = {1AC3F91A-B56D-4507-9014-2654D88564B3}
	EndGlobalSection
EndGlobal
